
Microsoft Visual Studio Solution File, Format Version 12.00
# Visual Studio Version 17
VisualStudioVersion = 17.5.002.0
MinimumVisualStudioVersion = 10.0.40219.1
Project("{9A19103F-16F7-4668-BE54-9A1E7A4F7556}") = "Sorting", "Sorting.csproj", "{AFC85ACF-1587-47EE-B68F-A83688C636BA}"
EndProject
Global
	GlobalSection(SolutionConfigurationPlatforms) = preSolution
		Debug|Any CPU = Debug|Any CPU
		Release|Any CPU = Release|Any CPU
	EndGlobalSection
	GlobalSection(ProjectConfigurationPlatforms) = postSolution
		{AFC85ACF-1587-47EE-B68F-A83688C636BA}.Debug|Any CPU.ActiveCfg = Debug|Any CPU
		{AFC85ACF-1587-47EE-B68F-A83688C636BA}.Debug|Any CPU.Build.0 = Debug|Any CPU
		{AFC85ACF-1587-47EE-B68F-A83688C636BA}.Release|Any CPU.ActiveCfg = Release|Any CPU
		{AFC85ACF-1587-47EE-B68F-A83688C636BA}.Release|Any CPU.Build.0 = Release|Any CPU
	EndGlobalSection
	GlobalSection(SolutionProperties) = preSolution
		HideSolutionNode = FALSE
	EndGlobalSection
	GlobalSection(ExtensibilityGlobals) = postSolution
		SolutionGuid = {AFA338EF-5CAD-4B76-A704-8DFD94EAF70B}
	EndGlobalSection
EndGlobal
